// !$*UTF8*$!
{
	archiveVersion = 1;
	classes = {
	};
	objectVersion = 46;
	objects = {

/* Begin PBXBuildFile section */
		2D581D751CF2CDF600EC4318 /* main.m in Sources */ = {isa = PBXBuildFile; fileRef = 2D581D741CF2CDF600EC4318 /* main.m */; };
		2D581D781CF2CDF600EC4318 /* AppDelegate.m in Sources */ = {isa = PBXBuildFile; fileRef = 2D581D771CF2CDF600EC4318 /* AppDelegate.m */; };
		2D581D7B1CF2CDF600EC4318 /* ViewController.m in Sources */ = {isa = PBXBuildFile; fileRef = 2D581D7A1CF2CDF600EC4318 /* ViewController.m */; };
		2D581D7E1CF2CDF600EC4318 /* Main.storyboard in Resources */ = {isa = PBXBuildFile; fileRef = 2D581D7C1CF2CDF600EC4318 /* Main.storyboard */; };
		2D581D801CF2CDF600EC4318 /* Assets.xcassets in Resources */ = {isa = PBXBuildFile; fileRef = 2D581D7F1CF2CDF600EC4318 /* Assets.xcassets */; };
		2D581D831CF2CDF600EC4318 /* LaunchScreen.storyboard in Resources */ = {isa = PBXBuildFile; fileRef = 2D581D811CF2CDF600EC4318 /* LaunchScreen.storyboard */; };
		2D581D8E1CF2CDF700EC4318 /* MVVMTests.m in Sources */ = {isa = PBXBuildFile; fileRef = 2D581D8D1CF2CDF700EC4318 /* MVVMTests.m */; };
/* End PBXBuildFile section */

/* Begin PBXContainerItemProxy section */
		2D581D8A1CF2CDF700EC4318 /* PBXContainerItemProxy */ = {
			isa = PBXContainerItemProxy;
			containerPortal = 2D581D681CF2CDF600EC4318 /* Project object */;
			proxyType = 1;
			remoteGlobalIDString = 2D581D6F1CF2CDF600EC4318;
			remoteInfo = MVVM;
		};
/* End PBXContainerItemProxy section */

/* Begin PBXFileReference section */
		2D581D701CF2CDF600EC4318 /* MVVM.app */ = {isa = PBXFileReference; explicitFileType = wrapper.application; includeInIndex = 0; path = MVVM.app; sourceTree = BUILT_PRODUCTS_DIR; };
		2D581D741CF2CDF600EC4318 /* main.m */ = {isa = PBXFileReference; lastKnownFileType = sourcecode.c.objc; path = main.m; sourceTree = "<group>"; };
		2D581D761CF2CDF600EC4318 /* AppDelegate.h */ = {isa = PBXFileReference; lastKnownFileType = sourcecode.c.h; path = AppDelegate.h; sourceTree = "<group>"; };
		2D581D771CF2CDF600EC4318 /* AppDelegate.m */ = {isa = PBXFileReference; lastKnownFileType = sourcecode.c.objc; path = AppDelegate.m; sourceTree = "<group>"; };
		2D581D791CF2CDF600EC4318 /* ViewController.h */ = {isa = PBXFileReference; lastKnownFileType = sourcecode.c.h; path = ViewController.h; sourceTree = "<group>"; };
		2D581D7A1CF2CDF600EC4318 /* ViewController.m */ = {isa = PBXFileReference; lastKnownFileType = sourcecode.c.objc; path = ViewController.m; sourceTree = "<group>"; };
		2D581D7D1CF2CDF600EC4318 /* Base */ = {isa = PBXFileReference; lastKnownFileType = file.storyboard; name = Base; path = Base.lproj/Main.storyboard; sourceTree = "<group>"; };
		2D581D7F1CF2CDF600EC4318 /* Assets.xcassets */ = {isa = PBXFileReference; lastKnownFileType = folder.assetcatalog; path = Assets.xcassets; sourceTree = "<group>"; };
		2D581D821CF2CDF600EC4318 /* Base */ = {isa = PBXFileReference; lastKnownFileType = file.storyboard; name = Base; path = Base.lproj/LaunchScreen.storyboard; sourceTree = "<group>"; };
		2D581D841CF2CDF600EC4318 /* Info.plist */ = {isa = PBXFileReference; lastKnownFileType = text.plist.xml; path = Info.plist; sourceTree = "<group>"; };
		2D581D891CF2CDF700EC4318 /* MVVMTests.xctest */ = {isa = PBXFileReference; explicitFileType = wrapper.cfbundle; includeInIndex = 0; path = MVVMTests.xctest; sourceTree = BUILT_PRODUCTS_DIR; };
		2D581D8D1CF2CDF700EC4318 /* MVVMTests.m */ = {isa = PBXFileReference; lastKnownFileType = sourcecode.c.objc; path = MVVMTests.m; sourceTree = "<group>"; };
		2D581D8F1CF2CDF700EC4318 /* Info.plist */ = {isa = PBXFileReference; lastKnownFileType = text.plist.xml; path = Info.plist; sourceTree = "<group>"; };
/* End PBXFileReference section */

/* Begin PBXFrameworksBuildPhase section */
		2D581D6D1CF2CDF600EC4318 /* Frameworks */ = {
			isa = PBXFrameworksBuildPhase;
			buildActionMask = 2147483647;
			files = (
			);
			runOnlyForDeploymentPostprocessing = 0;
		};
		2D581D861CF2CDF700EC4318 /* Frameworks */ = {
			isa = PBXFrameworksBuildPhase;
			buildActionMask = 2147483647;
			files = (
			);
			runOnlyForDeploymentPostprocessing = 0;
		};
/* End PBXFrameworksBuildPhase section */

/* Begin PBXGroup section */
		2D581D671CF2CDF600EC4318 = {
			isa = PBXGroup;
			children = (
				2D581D721CF2CDF600EC4318 /* MVVM */,
				2D581D8C1CF2CDF700EC4318 /* MVVMTests */,
				2D581D711CF2CDF600EC4318 /* Products */,
			);
			sourceTree = "<group>";
		};
		2D581D711CF2CDF600EC4318 /* Products */ = {
			isa = PBXGroup;
			children = (
				2D581D701CF2CDF600EC4318 /* MVVM.app */,
				2D581D891CF2CDF700EC4318 /* MVVMTests.xctest */,
			);
			name = Products;
			sourceTree = "<group>";
		};
		2D581D721CF2CDF600EC4318 /* MVVM */ = {
			isa = PBXGroup;
			children = (
				2D581D761CF2CDF600EC4318 /* AppDelegate.h */,
				2D581D771CF2CDF600EC4318 /* AppDelegate.m */,
				2D581D791CF2CDF600EC4318 /* ViewController.h */,
				2D581D7A1CF2CDF600EC4318 /* ViewController.m */,
				2D581D7C1CF2CDF600EC4318 /* Main.storyboard */,
				2D581D7F1CF2CDF600EC4318 /* Assets.xcassets */,
				2D581D811CF2CDF600EC4318 /* LaunchScreen.storyboard */,
				2D581D841CF2CDF600EC4318 /* Info.plist */,
				2D581D731CF2CDF600EC4318 /* Supporting Files */,
			);
			path = MVVM;
			sourceTree = "<group>";
		};
		2D581D731CF2CDF600EC4318 /* Supporting Files */ = {
			isa = PBXGroup;
			children = (
				2D581D741CF2CDF600EC4318 /* main.m */,
			);
			name = "Supporting Files";
			sourceTree = "<group>";
		};
		2D581D8C1CF2CDF700EC4318 /* MVVMTests */ = {
			isa = PBXGroup;
			children = (
				2D581D8D1CF2CDF700EC4318 /* MVVMTests.m */,
				2D581D8F1CF2CDF700EC4318 /* Info.plist */,
			);
			path = MVVMTests;
			sourceTree = "<group>";
		};
/* End PBXGroup section */

/* Begin PBXNativeTarget section */
		2D581D6F1CF2CDF600EC4318 /* MVVM */ = {
			isa = PBXNativeTarget;
			buildConfigurationList = 2D581D921CF2CDF700EC4318 /* Build configuration list for PBXNativeTarget "MVVM" */;
			buildPhases = (
				2D581D6C1CF2CDF600EC4318 /* Sources */,
				2D581D6D1CF2CDF600EC4318 /* Frameworks */,
				2D581D6E1CF2CDF600EC4318 /* Resources */,
			);
			buildRules = (
			);
			dependencies = (
			);
			name = MVVM;
			productName = MVVM;
			productReference = 2D581D701CF2CDF600EC4318 /* MVVM.app */;
			productType = "com.apple.product-type.application";
		};
		2D581D881CF2CDF700EC4318 /* MVVMTests */ = {
			isa = PBXNativeTarget;
			buildConfigurationList = 2D581D951CF2CDF700EC4318 /* Build configuration list for PBXNativeTarget "MVVMTests" */;
			buildPhases = (
				2D581D851CF2CDF700EC4318 /* Sources */,
				2D581D861CF2CDF700EC4318 /* Frameworks */,
				2D581D871CF2CDF700EC4318 /* Resources */,
			);
			buildRules = (
			);
			dependencies = (
				2D581D8B1CF2CDF700EC4318 /* PBXTargetDependency */,
			);
			name = MVVMTests;
			productName = MVVMTests;
			productReference = 2D581D891CF2CDF700EC4318 /* MVVMTests.xctest */;
			productType = "com.apple.product-type.bundle.unit-test";
		};
/* End PBXNativeTarget section */

/* Begin PBXProject section */
		2D581D681CF2CDF600EC4318 /* Project object */ = {
			isa = PBXProject;
			attributes = {
				LastUpgradeCheck = 0720;
				ORGANIZATIONNAME = WanJianTechnology;
				TargetAttributes = {
					2D581D6F1CF2CDF600EC4318 = {
						CreatedOnToolsVersion = 7.2;
					};
					2D581D881CF2CDF700EC4318 = {
						CreatedOnToolsVersion = 7.2;
						TestTargetID = 2D581D6F1CF2CDF600EC4318;
					};
				};
			};
			buildConfigurationList = 2D581D6B1CF2CDF600EC4318 /* Build configuration list for PBXProject "MVVM" */;
			compatibilityVersion = "Xcode 3.2";
			developmentRegion = English;
			hasScannedForEncodings = 0;
			knownRegions = (
				en,
				Base,
			);
			mainGroup = 2D581D671CF2CDF600EC4318;
			productRefGroup = 2D581D711CF2CDF600EC4318 /* Products */;
			projectDirPath = "";
			projectRoot = "";
			targets = (
				2D581D6F1CF2CDF600EC4318 /* MVVM */,
				2D581D881CF2CDF700EC4318 /* MVVMTests */,
			);
		};
/* End PBXProject section */

/* Begin PBXResourcesBuildPhase section */
		2D581D6E1CF2CDF600EC4318 /* Resources */ = {
			isa = PBXResourcesBuildPhase;
			buildActionMask = 2147483647;
			files = (
				2D581D831CF2CDF600EC4318 /* LaunchScreen.storyboard in Resources */,
				2D581D801CF2CDF600EC4318 /* Assets.xcassets in Resources */,
				2D581D7E1CF2CDF600EC4318 /* Main.storyboard in Resources */,
			);
			runOnlyForDeploymentPostprocessing = 0;
		};
		2D581D871CF2CDF700EC4318 /* Resources */ = {
			isa = PBXResourcesBuildPhase;
			buildActionMask = 2147483647;
			files = (
			);
			runOnlyForDeploymentPostprocessing = 0;
		};
/* End PBXResourcesBuildPhase section */

/* Begin PBXSourcesBuildPhase section */
		2D581D6C1CF2CDF600EC4318 /* Sources */ = {
			isa = PBXSourcesBuildPhase;
			buildActionMask = 2147483647;
			files = (
				2D581D7B1CF2CDF600EC4318 /* ViewController.m in Sources */,
				2D581D781CF2CDF600EC4318 /* AppDelegate.m in Sources */,
				2D581D751CF2CDF600EC4318 /* main.m in Sources */,
			);
			runOnlyForDeploymentPostprocessing = 0;
		};
		2D581D851CF2CDF700EC4318 /* Sources */ = {
			isa = PBXSourcesBuildPhase;
			buildActionMask = 2147483647;
			files = (
				2D581D8E1CF2CDF700EC4318 /* MVVMTests.m in Sources */,
			);
			runOnlyForDeploymentPostprocessing = 0;
		};
/* End PBXSourcesBuildPhase section */

/* Begin PBXTargetDependency section */
		2D581D8B1CF2CDF700EC4318 /* PBXTargetDependency */ = {
			isa = PBXTargetDependency;
			target = 2D581D6F1CF2CDF600EC4318 /* MVVM */;
			targetProxy = 2D581D8A1CF2CDF700EC4318 /* PBXContainerItemProxy */;
		};
/* End PBXTargetDependency section */

/* Begin PBXVariantGroup section */
		2D581D7C1CF2CDF600EC4318 /* Main.storyboard */ = {
			isa = PBXVariantGroup;
			children = (
				2D581D7D1CF2CDF600EC4318 /* Base */,
			);
			name = Main.storyboard;
			sourceTree = "<group>";
		};
		2D581D811CF2CDF600EC4318 /* LaunchScreen.storyboard */ = {
			isa = PBXVariantGroup;
			children = (
				2D581D821CF2CDF600EC4318 /* Base */,
			);
			name = LaunchScreen.storyboard;
			sourceTree = "<group>";
		};
/* End PBXVariantGroup section */

/* Begin XCBuildConfiguration section */
		2D581D901CF2CDF700EC4318 /* Debug */ = {
			isa = XCBuildConfiguration;
			buildSettings = {
				ALWAYS_SEARCH_USER_PATHS = NO;
				CLANG_CXX_LANGUAGE_STANDARD = "gnu++0x";
				CLANG_CXX_LIBRARY = "libc++";
				CLANG_ENABLE_MODULES = YES;
				CLANG_ENABLE_OBJC_ARC = YES;
				CLANG_WARN_BOOL_CONVERSION = YES;
				CLANG_WARN_CONSTANT_CONVERSION = YES;
				CLANG_WARN_DIRECT_OBJC_ISA_USAGE = YES_ERROR;
				CLANG_WARN_EMPTY_BODY = YES;
				CLANG_WARN_ENUM_CONVERSION = YES;
				CLANG_WARN_INT_CONVERSION = YES;
				CLANG_WARN_OBJC_ROOT_CLASS = YES_ERROR;
				CLANG_WARN_UNREACHABLE_CODE = YES;
				CLANG_WARN__DUPLICATE_METHOD_MATCH = YES;
				"CODE_SIGN_IDENTITY[sdk=iphoneos*]" = "iPhone Developer";
				COPY_PHASE_STRIP = NO;
				DEBUG_INFORMATION_FORMAT = dwarf;
				ENABLE_STRICT_OBJC_MSGSEND = YES;
				ENABLE_TESTABILITY = YES;
				GCC_C_LANGUAGE_STANDARD = gnu99;
				GCC_DYNAMIC_NO_PIC = NO;
				GCC_NO_COMMON_BLOCKS = YES;
				GCC_OPTIMIZATION_LEVEL = 0;
				GCC_PREPROCESSOR_DEFINITIONS = (
					"DEBUG=1",
					"$(inherited)",
				);
				GCC_WARN_64_TO_32_BIT_CONVERSION = YES;
				GCC_WARN_ABOUT_RETURN_TYPE = YES_ERROR;
				GCC_WARN_UNDECLARED_SELECTOR = YES;
				GCC_WARN_UNINITIALIZED_AUTOS = YES_AGGRESSIVE;
				GCC_WARN_UNUSED_FUNCTION = YES;
				GCC_WARN_UNUSED_VARIABLE = YES;
				IPHONEOS_DEPLOYMENT_TARGET = 9.2;
				MTL_ENABLE_DEBUG_INFO = YES;
				ONLY_ACTIVE_ARCH = YES;
				SDKROOT = iphoneos;
			};
			name = Debug;
		};
		2D581D911CF2CDF700EC4318 /* Release */ = {
			isa = XCBuildConfiguration;
			buildSettings = {
				ALWAYS_SEARCH_USER_PATHS = NO;
				CLANG_CXX_LANGUAGE_STANDARD = "gnu++0x";
				CLANG_CXX_LIBRARY = "libc++";
				CLANG_ENABLE_MODULES = YES;
				CLANG_ENABLE_OBJC_ARC = YES;
				CLANG_WARN_BOOL_CONVERSION = YES;
				CLANG_WARN_CONSTANT_CONVERSION = YES;
				CLANG_WARN_DIRECT_OBJC_ISA_USAGE = YES_ERROR;
				CLANG_WARN_EMPTY_BODY = YES;
				CLANG_WARN_ENUM_CONVERSION = YES;
				CLANG_WARN_INT_CONVERSION = YES;
				CLANG_WARN_OBJC_ROOT_CLASS = YES_ERROR;
				CLANG_WARN_UNREACHABLE_CODE = YES;
				CLANG_WARN__DUPLICATE_METHOD_MATCH = YES;
				"CODE_SIGN_IDENTITY[sdk=iphoneos*]" = "iPhone Developer";
				COPY_PHASE_STRIP = NO;
				DEBUG_INFORMATION_FORMAT = "dwarf-with-dsym";
				ENABLE_NS_ASSERTIONS = NO;
				ENABLE_STRICT_OBJC_MSGSEND = YES;
				GCC_C_LANGUAGE_STANDARD = gnu99;
				GCC_NO_COMMON_BLOCKS = YES;
				GCC_WARN_64_TO_32_BIT_CONVERSION = YES;
				GCC_WARN_ABOUT_RETURN_TYPE = YES_ERROR;
				GCC_WARN_UNDECLARED_SELECTOR = YES;
				GCC_WARN_UNINITIALIZED_AUTOS = YES_AGGRESSIVE;
				GCC_WARN_UNUSED_FUNCTION = YES;
				GCC_WARN_UNUSED_VARIABLE = YES;
				IPHONEOS_DEPLOYMENT_TARGET = 9.2;
				MTL_ENABLE_DEBUG_INFO = NO;
				SDKROOT = iphoneos;
				VALIDATE_PRODUCT = YES;
			};
			name = Release;
		};
		2D581D931CF2CDF700EC4318 /* Debug */ = {
			isa = XCBuildConfiguration;
			buildSettings = {
				ASSETCATALOG_COMPILER_APPICON_NAME = AppIcon;
				INFOPLIST_FILE = MVVM/Info.plist;
				LD_RUNPATH_SEARCH_PATHS = "$(inherited) @executable_path/Frameworks";
				PRODUCT_BUNDLE_IDENTIFIER = com.WanJianTechnology.MVVM;
				PRODUCT_NAME = "$(TARGET_NAME)";
			};
			name = Debug;
		};
		2D581D941CF2CDF700EC4318 /* Release */ = {
			isa = XCBuildConfiguration;
			buildSettings = {
				ASSETCATALOG_COMPILER_APPICON_NAME = AppIcon;
				INFOPLIST_FILE = MVVM/Info.plist;
				LD_RUNPATH_SEARCH_PATHS = "$(inherited) @executable_path/Frameworks";
				PRODUCT_BUNDLE_IDENTIFIER = com.WanJianTechnology.MVVM;
				PRODUCT_NAME = "$(TARGET_NAME)";
			};
			name = Release;
		};
		2D581D961CF2CDF700EC4318 /* Debug */ = {
			isa = XCBuildConfiguration;
			buildSettings = {
				BUNDLE_LOADER = "$(TEST_HOST)";
				INFOPLIST_FILE = MVVMTests/Info.plist;
				LD_RUNPATH_SEARCH_PATHS = "$(inherited) @executable_path/Frameworks @loader_path/Frameworks";
				PRODUCT_BUNDLE_IDENTIFIER = com.WanJianTechnology.MVVMTests;
				PRODUCT_NAME = "$(TARGET_NAME)";
				TEST_HOST = "$(BUILT_PRODUCTS_DIR)/MVVM.app/MVVM";
			};
			name = Debug;
		};
		2D581D971CF2CDF700EC4318 /* Release */ = {
			isa = XCBuildConfiguration;
			buildSettings = {
				BUNDLE_LOADER = "$(TEST_HOST)";
				INFOPLIST_FILE = MVVMTests/Info.plist;
				LD_RUNPATH_SEARCH_PATHS = "$(inherited) @executable_path/Frameworks @loader_path/Frameworks";
				PRODUCT_BUNDLE_IDENTIFIER = com.WanJianTechnology.MVVMTests;
				PRODUCT_NAME = "$(TARGET_NAME)";
				TEST_HOST = "$(BUILT_PRODUCTS_DIR)/MVVM.app/MVVM";
			};
			name = Release;
		};
/* End XCBuildConfiguration section */

/* Begin XCConfigurationList section */
		2D581D6B1CF2CDF600EC4318 /* Build configuration list for PBXProject "MVVM" */ = {
			isa = XCConfigurationList;
			buildConfigurations = (
				2D581D901CF2CDF700EC4318 /* Debug */,
				2D581D911CF2CDF700EC4318 /* Release */,
			);
			defaultConfigurationIsVisible = 0;
			defaultConfigurationName = Release;
		};
		2D581D921CF2CDF700EC4318 /* Build configuration list for PBXNativeTarget "MVVM" */ = {
			isa = XCConfigurationList;
			buildConfigurations = (
				2D581D931CF2CDF700EC4318 /* Debug */,
				2D581D941CF2CDF700EC4318 /* Release */,
			);
			defaultConfigurationIsVisible = 0;
		};
		2D581D951CF2CDF700EC4318 /* Build configuration list for PBXNativeTarget "MVVMTests" */ = {
			isa = XCConfigurationList;
			buildConfigurations = (
				2D581D961CF2CDF700EC4318 /* Debug */,
				2D581D971CF2CDF700EC4318 /* Release */,
			);
			defaultConfigurationIsVisible = 0;
		};
/* End XCConfigurationList section */
	};
	rootObject = 2D581D681CF2CDF600EC4318 /* Project object */;
}
